
Microsoft Visual Studio Solution File, Format Version 12.00
# Visual Studio Version 16
VisualStudioVersion = 16.0.30523.141
MinimumVisualStudioVersion = 10.0.40219.1
Project("{FAE04EC0-301F-11D3-BF4B-00C04F79EFBC}") = "Lab01.Ex01.Connect", "Lab01.Ex01.Connect\Lab01.Ex01.Connect.csproj", "{53379A6E-943B-4BA2-8D8D-9667AC40399F}"
EndProject
Project("{FAE04EC0-301F-11D3-BF4B-00C04F79EFBC}") = "Lab01.Ex02.DbConnection", "Lab01.Ex02.DbConnection\Lab01.Ex02.DbConnection.csproj", "{D9DFA19A-7FB7-42A1-8FED-5D4576063B20}"
EndProject
Project("{FAE04EC0-301F-11D3-BF4B-00C04F79EFBC}") = "Lab01.Ex03.ErrorException", "Lab01.Ex03.ErrorException\Lab01.Ex03.ErrorException.csproj", "{E61378D1-AE66-46C4-8D46-0498A6452F04}"
EndProject
Project("{FAE04EC0-301F-11D3-BF4B-00C04F79EFBC}") = "Lab01.Ex04.StateChange", "Lab01.Ex04.StateChange\Lab01.Ex04.StateChange.csproj", "{F0025F41-86A4-456E-A203-99236E321E73}"
EndProject
Project("{FAE04EC0-301F-11D3-BF4B-00C04F79EFBC}") = "Lab01.Ex05.TOWF.ConfigurationManager", "Lab01.Ex05.TOWF.ConfigurationManager\Lab01.Ex05.TOWF.ConfigurationManager.csproj", "{9F5BC33E-DDB2-45F7-9C35-7EC7700F85D4}"
EndProject
Project("{FAE04EC0-301F-11D3-BF4B-00C04F79EFBC}") = "Lab02.Ex01.CommandsDB", "Lab02.Ex01.CommandsDB\Lab02.Ex01.CommandsDB.csproj", "{46648FDF-EBC8-43BE-9358-2085EDBBE6F3}"
EndProject
Project("{FAE04EC0-301F-11D3-BF4B-00C04F79EFBC}") = "Lab02.Ex02.CommandsDB.Data", "Lab02.Ex02.CommandsDB.Data\Lab02.Ex02.CommandsDB.Data.csproj", "{6B4C0057-981F-478E-9FBE-57CAD18ACF30}"
EndProject
Project("{FAE04EC0-301F-11D3-BF4B-00C04F79EFBC}") = "Lab02.Ex03.CommandsDB.Tranc", "Lab02.Ex03.CommandsDB.Tranc\Lab02.Ex03.CommandsDB.Tranc.csproj", "{A17EB338-E09F-48A7-A8AA-80A094C7AC39}"
EndProject
Project("{FAE04EC0-301F-11D3-BF4B-00C04F79EFBC}") = "Lab03.Ex01.DSConnect", "Lab03.Ex01.DSConnect\Lab03.Ex01.DSConnect.csproj", "{7523D5A6-F668-401C-A33E-B769CDF89341}"
EndProject
Project("{FAE04EC0-301F-11D3-BF4B-00C04F79EFBC}") = "Lab03.Ex02.DSConnect", "Lab03.Ex02.DSConnect\Lab03.Ex02.DSConnect.csproj", "{75C0BF40-2A79-4232-9834-5746CC3741C4}"
EndProject
Project("{FAE04EC0-301F-11D3-BF4B-00C04F79EFBC}") = "Lab03.Ex03.DBCommand", "Lab03.Ex03.DBCommand\Lab03.Ex03.DBCommand.csproj", "{A008DD91-E4D7-4207-955A-E4EE91B9FF83}"
EndProject
Project("{FAE04EC0-301F-11D3-BF4B-00C04F79EFBC}") = "Lab03.Ex04.DBCommand", "Lab03.Ex04.DBCommand\Lab03.Ex04.DBCommand.csproj", "{3B9A84C6-71B1-4A34-AA2C-3A2735948456}"
EndProject
Project("{FAE04EC0-301F-11D3-BF4B-00C04F79EFBC}") = "Lab04.Ex01.DatasetDesigner", "Lab04.Ex01.DatasetDesigner\Lab04.Ex01.DatasetDesigner.csproj", "{BB549D8B-7CA9-4554-9FAC-36DC317B7AE6}"
EndProject
Project("{FAE04EC0-301F-11D3-BF4B-00C04F79EFBC}") = "Lab04.Ex02.CreatingDataTable", "Lab04.Ex02.CreatingDataTable\Lab04.Ex02.CreatingDataTable.csproj", "{9DCB56E9-AB16-4372-A7EC-D1CD6657DFAC}"
EndProject
Project("{FAE04EC0-301F-11D3-BF4B-00C04F79EFBC}") = "Lab04.Ex03.DataAdapterWizard", "Lab04.Ex03.DataAdapterWizard\Lab04.Ex03.DataAdapterWizard.csproj", "{592664C6-A578-4C30-9793-E62004987F5F}"
EndProject
Project("{FAE04EC0-301F-11D3-BF4B-00C04F79EFBC}") = "Lab04.Ex04.DataAdapterProgram", "Lab04.Ex04.DataAdapterProgram\Lab04.Ex04.DataAdapterProgram.csproj", "{B7071D53-C8CF-4897-B966-D3562185E196}"
EndProject
Project("{FAE04EC0-301F-11D3-BF4B-00C04F79EFBC}") = "Lab04.Ex05.WorkingDataTable", "Lab04.Ex05.WorkingDataTable\Lab04.Ex05.WorkingDataTable.csproj", "{03D18159-E034-451B-8B3D-A3C040F4B5BC}"
EndProject
Project("{FAE04EC0-301F-11D3-BF4B-00C04F79EFBC}") = "Lab04.Ex06.DataViewExample", "Lab04.Ex06.DataViewExample\Lab04.Ex06.DataViewExample.csproj", "{7576F173-34EC-43F3-89A4-E95770871C04}"
EndProject
Project("{FAE04EC0-301F-11D3-BF4B-00C04F79EFBC}") = "Lab05.Ex01.DataSourcesWizard", "Lab05.Ex01.DataGridView\Lab05.Ex01.DataSourcesWizard.csproj", "{905CC016-F6F5-4162-9157-2CBC4A52D633}"
EndProject
Project("{FAE04EC0-301F-11D3-BF4B-00C04F79EFBC}") = "Lab05.Ex02.DataBindingSimple", "Lab05.Ex02.DataBindingSimple\Lab05.Ex02.DataBindingSimple.csproj", "{E147193B-F11B-4FC2-8536-7FB1C3377B4E}"
EndProject
Project("{FAE04EC0-301F-11D3-BF4B-00C04F79EFBC}") = "Lab05.Ex03.DataBindingComplex", "Lab05.Ex03.DataBindingComplex\Lab05.Ex03.DataBindingComplex.csproj", "{21943DEF-E18B-4EB2-A082-33477AA0BDFD}"
EndProject
Project("{FAE04EC0-301F-11D3-BF4B-00C04F79EFBC}") = "Lab05.Ex04.DataGridViewExample", "Lab05.Ex04.DataGridViewExample\Lab05.Ex04.DataGridViewExample.csproj", "{0944E222-6A36-46F2-9B07-3FC5F7DB8E4D}"
EndProject
Project("{2150E333-8FDC-42A3-9474-1A3956D46DE8}") = "Lab01", "Lab01", "{E784604D-ADBD-424D-93D3-0D5B6B8E439B}"
EndProject
Project("{2150E333-8FDC-42A3-9474-1A3956D46DE8}") = "Lab02", "Lab02", "{1A13E807-895D-4CAD-AFE9-97944D909DBC}"
EndProject
Project("{2150E333-8FDC-42A3-9474-1A3956D46DE8}") = "Lab03", "Lab03", "{22EED96C-34B3-4CCC-B976-9E4920746815}"
EndProject
Project("{2150E333-8FDC-42A3-9474-1A3956D46DE8}") = "Lab04", "Lab04", "{E5C0A308-BE46-4023-8E0B-35FEADBAE7AE}"
EndProject
Project("{2150E333-8FDC-42A3-9474-1A3956D46DE8}") = "Lab05", "Lab05", "{59C760DB-5FCA-454A-976B-B0190B356C7E}"
EndProject
Project("{2150E333-8FDC-42A3-9474-1A3956D46DE8}") = "Lab06", "Lab06", "{8D1F2E29-00D1-48A1-9F6C-456713D40447}"
EndProject
Project("{FAE04EC0-301F-11D3-BF4B-00C04F79EFBC}") = "Lab06.Ex01.SavingDataSetXml", "Lab06.Ex01.SavingDataSetXml\Lab06.Ex01.SavingDataSetXml.csproj", "{4AD2DE46-FA56-4B65-9E25-98148C97B6A1}"
EndProject
Project("{FAE04EC0-301F-11D3-BF4B-00C04F79EFBC}") = "Lab06.Ex02.LoadDataSetXml", "Lab06.Ex02.LoadDataSetXml\Lab06.Ex02.LoadDataSetXml.csproj", "{342C8436-C006-475B-891B-4AFD9705702F}"
EndProject
Project("{2150E333-8FDC-42A3-9474-1A3956D46DE8}") = "Lab07", "Lab07", "{55361D79-C7EE-4B09-8713-B7C369D1FD90}"
EndProject
Project("{FAE04EC0-301F-11D3-BF4B-00C04F79EFBC}") = "Lab07.Ex00.LinqStudent", "Lab07.Ex00.LinqStudent\Lab07.Ex00.LinqStudent.csproj", "{2D8C73E7-DEDD-4556-A933-4853397B792C}"
EndProject
Project("{FAE04EC0-301F-11D3-BF4B-00C04F79EFBC}") = "Lab07.Ex01.LinqStudent", "Lab07.Ex01.LinqStudent\Lab07.Ex01.LinqStudent.csproj", "{83577D75-74BC-4575-A9F5-B9F3CD40C5DE}"
EndProject
Project("{FAE04EC0-301F-11D3-BF4B-00C04F79EFBC}") = "Lab07.Ex02.LinqStudent", "Lab07.Ex02.LinqStudent\Lab07.Ex02.LinqStudent.csproj", "{4E210CE2-AD53-47D6-A8B9-3D8DDF7E1E13}"
EndProject
Project("{FAE04EC0-301F-11D3-BF4B-00C04F79EFBC}") = "Lab07.Ex03.LinqStudent", "Lab07.Ex03.LinqStudent\Lab07.Ex03.LinqStudent.csproj", "{0365CA36-1681-4A8C-8C32-C8DDA8EBCC34}"
EndProject
Project("{2150E333-8FDC-42A3-9474-1A3956D46DE8}") = "Lab09", "Lab09", "{523D9DA6-D219-4808-A156-C12CA157713E}"
EndProject
Project("{FAE04EC0-301F-11D3-BF4B-00C04F79EFBC}") = "Lab09.Ex01.CustomerManager", "Lab09.Ex01.CustomerManager\Lab09.Ex01.CustomerManager.csproj", "{2893CDDD-CE0B-45A3-A969-CCA6DECE92A1}"
EndProject
Project("{FAE04EC0-301F-11D3-BF4B-00C04F79EFBC}") = "Lab09.Ex01.CodeFirstDLL", "Lab09.Ex01.CodeFirstDLL\Lab09.Ex01.CodeFirstDLL.csproj", "{73D802F6-4C5D-4F21-8B85-BF7D5BD70EE4}"
EndProject
Project("{FAE04EC0-301F-11D3-BF4B-00C04F79EFBC}") = "Lab09.Ex02.CodeFirstDLL", "Lab09.Ex02.CodeFirstDLL\Lab09.Ex02.CodeFirstDLL.csproj", "{4FECCCF1-F131-4F52-BF09-6BAE91EB2FF1}"
EndProject
Project("{FAE04EC0-301F-11D3-BF4B-00C04F79EFBC}") = "Lab09.Ex02.CustomerManager", "Lab09.Ex02.CustomerManager\Lab09.Ex02.CustomerManager.csproj", "{6CDFFC00-78F7-406B-A374-9EA725CE724F}"
EndProject
Project("{FAE04EC0-301F-11D3-BF4B-00C04F79EFBC}") = "Lab09.Ex03.CourseManager", "Lab09.Ex03.CourseManager\Lab09.Ex03.CourseManager.csproj", "{1CAD8815-828C-4E8E-B6B9-67D0D7ED3604}"
EndProject
Project("{FAE04EC0-301F-11D3-BF4B-00C04F79EFBC}") = "ITMO.ADONet.Zachet", "ITMO.ADONet.Zachet\ITMO.ADONet.Zachet.csproj", "{270D9CDE-2B5D-4F04-AF02-C8EC796E4AAD}"
EndProject
Global
	GlobalSection(SolutionConfigurationPlatforms) = preSolution
		Debug|Any CPU = Debug|Any CPU
		Release|Any CPU = Release|Any CPU
	EndGlobalSection
	GlobalSection(ProjectConfigurationPlatforms) = postSolution
		{53379A6E-943B-4BA2-8D8D-9667AC40399F}.Debug|Any CPU.ActiveCfg = Debug|Any CPU
		{53379A6E-943B-4BA2-8D8D-9667AC40399F}.Debug|Any CPU.Build.0 = Debug|Any CPU
		{53379A6E-943B-4BA2-8D8D-9667AC40399F}.Release|Any CPU.ActiveCfg = Release|Any CPU
		{53379A6E-943B-4BA2-8D8D-9667AC40399F}.Release|Any CPU.Build.0 = Release|Any CPU
		{D9DFA19A-7FB7-42A1-8FED-5D4576063B20}.Debug|Any CPU.ActiveCfg = Debug|Any CPU
		{D9DFA19A-7FB7-42A1-8FED-5D4576063B20}.Debug|Any CPU.Build.0 = Debug|Any CPU
		{D9DFA19A-7FB7-42A1-8FED-5D4576063B20}.Release|Any CPU.ActiveCfg = Release|Any CPU
		{D9DFA19A-7FB7-42A1-8FED-5D4576063B20}.Release|Any CPU.Build.0 = Release|Any CPU
		{E61378D1-AE66-46C4-8D46-0498A6452F04}.Debug|Any CPU.ActiveCfg = Debug|Any CPU
		{E61378D1-AE66-46C4-8D46-0498A6452F04}.Debug|Any CPU.Build.0 = Debug|Any CPU
		{E61378D1-AE66-46C4-8D46-0498A6452F04}.Release|Any CPU.ActiveCfg = Release|Any CPU
		{E61378D1-AE66-46C4-8D46-0498A6452F04}.Release|Any CPU.Build.0 = Release|Any CPU
		{F0025F41-86A4-456E-A203-99236E321E73}.Debug|Any CPU.ActiveCfg = Debug|Any CPU
		{F0025F41-86A4-456E-A203-99236E321E73}.Debug|Any CPU.Build.0 = Debug|Any CPU
		{F0025F41-86A4-456E-A203-99236E321E73}.Release|Any CPU.ActiveCfg = Release|Any CPU
		{F0025F41-86A4-456E-A203-99236E321E73}.Release|Any CPU.Build.0 = Release|Any CPU
		{9F5BC33E-DDB2-45F7-9C35-7EC7700F85D4}.Debug|Any CPU.ActiveCfg = Debug|Any CPU
		{9F5BC33E-DDB2-45F7-9C35-7EC7700F85D4}.Debug|Any CPU.Build.0 = Debug|Any CPU
		{9F5BC33E-DDB2-45F7-9C35-7EC7700F85D4}.Release|Any CPU.ActiveCfg = Release|Any CPU
		{9F5BC33E-DDB2-45F7-9C35-7EC7700F85D4}.Release|Any CPU.Build.0 = Release|Any CPU
		{46648FDF-EBC8-43BE-9358-2085EDBBE6F3}.Debug|Any CPU.ActiveCfg = Debug|Any CPU
		{46648FDF-EBC8-43BE-9358-2085EDBBE6F3}.Debug|Any CPU.Build.0 = Debug|Any CPU
		{46648FDF-EBC8-43BE-9358-2085EDBBE6F3}.Release|Any CPU.ActiveCfg = Release|Any CPU
		{46648FDF-EBC8-43BE-9358-2085EDBBE6F3}.Release|Any CPU.Build.0 = Release|Any CPU
		{6B4C0057-981F-478E-9FBE-57CAD18ACF30}.Debug|Any CPU.ActiveCfg = Debug|Any CPU
		{6B4C0057-981F-478E-9FBE-57CAD18ACF30}.Debug|Any CPU.Build.0 = Debug|Any CPU
		{6B4C0057-981F-478E-9FBE-57CAD18ACF30}.Release|Any CPU.ActiveCfg = Release|Any CPU
		{6B4C0057-981F-478E-9FBE-57CAD18ACF30}.Release|Any CPU.Build.0 = Release|Any CPU
		{A17EB338-E09F-48A7-A8AA-80A094C7AC39}.Debug|Any CPU.ActiveCfg = Debug|Any CPU
		{A17EB338-E09F-48A7-A8AA-80A094C7AC39}.Debug|Any CPU.Build.0 = Debug|Any CPU
		{A17EB338-E09F-48A7-A8AA-80A094C7AC39}.Release|Any CPU.ActiveCfg = Release|Any CPU
		{A17EB338-E09F-48A7-A8AA-80A094C7AC39}.Release|Any CPU.Build.0 = Release|Any CPU
		{7523D5A6-F668-401C-A33E-B769CDF89341}.Debug|Any CPU.ActiveCfg = Debug|Any CPU
		{7523D5A6-F668-401C-A33E-B769CDF89341}.Debug|Any CPU.Build.0 = Debug|Any CPU
		{7523D5A6-F668-401C-A33E-B769CDF89341}.Release|Any CPU.ActiveCfg = Release|Any CPU
		{7523D5A6-F668-401C-A33E-B769CDF89341}.Release|Any CPU.Build.0 = Release|Any CPU
		{75C0BF40-2A79-4232-9834-5746CC3741C4}.Debug|Any CPU.ActiveCfg = Debug|Any CPU
		{75C0BF40-2A79-4232-9834-5746CC3741C4}.Debug|Any CPU.Build.0 = Debug|Any CPU
		{75C0BF40-2A79-4232-9834-5746CC3741C4}.Release|Any CPU.ActiveCfg = Release|Any CPU
		{75C0BF40-2A79-4232-9834-5746CC3741C4}.Release|Any CPU.Build.0 = Release|Any CPU
		{A008DD91-E4D7-4207-955A-E4EE91B9FF83}.Debug|Any CPU.ActiveCfg = Debug|Any CPU
		{A008DD91-E4D7-4207-955A-E4EE91B9FF83}.Debug|Any CPU.Build.0 = Debug|Any CPU
		{A008DD91-E4D7-4207-955A-E4EE91B9FF83}.Release|Any CPU.ActiveCfg = Release|Any CPU
		{A008DD91-E4D7-4207-955A-E4EE91B9FF83}.Release|Any CPU.Build.0 = Release|Any CPU
		{3B9A84C6-71B1-4A34-AA2C-3A2735948456}.Debug|Any CPU.ActiveCfg = Debug|Any CPU
		{3B9A84C6-71B1-4A34-AA2C-3A2735948456}.Debug|Any CPU.Build.0 = Debug|Any CPU
		{3B9A84C6-71B1-4A34-AA2C-3A2735948456}.Release|Any CPU.ActiveCfg = Release|Any CPU
		{3B9A84C6-71B1-4A34-AA2C-3A2735948456}.Release|Any CPU.Build.0 = Release|Any CPU
		{BB549D8B-7CA9-4554-9FAC-36DC317B7AE6}.Debug|Any CPU.ActiveCfg = Debug|Any CPU
		{BB549D8B-7CA9-4554-9FAC-36DC317B7AE6}.Debug|Any CPU.Build.0 = Debug|Any CPU
		{BB549D8B-7CA9-4554-9FAC-36DC317B7AE6}.Release|Any CPU.ActiveCfg = Release|Any CPU
		{BB549D8B-7CA9-4554-9FAC-36DC317B7AE6}.Release|Any CPU.Build.0 = Release|Any CPU
		{9DCB56E9-AB16-4372-A7EC-D1CD6657DFAC}.Debug|Any CPU.ActiveCfg = Debug|Any CPU
		{9DCB56E9-AB16-4372-A7EC-D1CD6657DFAC}.Debug|Any CPU.Build.0 = Debug|Any CPU
		{9DCB56E9-AB16-4372-A7EC-D1CD6657DFAC}.Release|Any CPU.ActiveCfg = Release|Any CPU
		{9DCB56E9-AB16-4372-A7EC-D1CD6657DFAC}.Release|Any CPU.Build.0 = Release|Any CPU
		{592664C6-A578-4C30-9793-E62004987F5F}.Debug|Any CPU.ActiveCfg = Debug|Any CPU
		{592664C6-A578-4C30-9793-E62004987F5F}.Debug|Any CPU.Build.0 = Debug|Any CPU
		{592664C6-A578-4C30-9793-E62004987F5F}.Release|Any CPU.ActiveCfg = Release|Any CPU
		{592664C6-A578-4C30-9793-E62004987F5F}.Release|Any CPU.Build.0 = Release|Any CPU
		{B7071D53-C8CF-4897-B966-D3562185E196}.Debug|Any CPU.ActiveCfg = Debug|Any CPU
		{B7071D53-C8CF-4897-B966-D3562185E196}.Debug|Any CPU.Build.0 = Debug|Any CPU
		{B7071D53-C8CF-4897-B966-D3562185E196}.Release|Any CPU.ActiveCfg = Release|Any CPU
		{B7071D53-C8CF-4897-B966-D3562185E196}.Release|Any CPU.Build.0 = Release|Any CPU
		{03D18159-E034-451B-8B3D-A3C040F4B5BC}.Debug|Any CPU.ActiveCfg = Debug|Any CPU
		{03D18159-E034-451B-8B3D-A3C040F4B5BC}.Debug|Any CPU.Build.0 = Debug|Any CPU
		{03D18159-E034-451B-8B3D-A3C040F4B5BC}.Release|Any CPU.ActiveCfg = Release|Any CPU
		{03D18159-E034-451B-8B3D-A3C040F4B5BC}.Release|Any CPU.Build.0 = Release|Any CPU
		{7576F173-34EC-43F3-89A4-E95770871C04}.Debug|Any CPU.ActiveCfg = Debug|Any CPU
		{7576F173-34EC-43F3-89A4-E95770871C04}.Debug|Any CPU.Build.0 = Debug|Any CPU
		{7576F173-34EC-43F3-89A4-E95770871C04}.Release|Any CPU.ActiveCfg = Release|Any CPU
		{7576F173-34EC-43F3-89A4-E95770871C04}.Release|Any CPU.Build.0 = Release|Any CPU
		{905CC016-F6F5-4162-9157-2CBC4A52D633}.Debug|Any CPU.ActiveCfg = Debug|Any CPU
		{905CC016-F6F5-4162-9157-2CBC4A52D633}.Debug|Any CPU.Build.0 = Debug|Any CPU
		{905CC016-F6F5-4162-9157-2CBC4A52D633}.Release|Any CPU.ActiveCfg = Release|Any CPU
		{905CC016-F6F5-4162-9157-2CBC4A52D633}.Release|Any CPU.Build.0 = Release|Any CPU
		{E147193B-F11B-4FC2-8536-7FB1C3377B4E}.Debug|Any CPU.ActiveCfg = Debug|Any CPU
		{E147193B-F11B-4FC2-8536-7FB1C3377B4E}.Debug|Any CPU.Build.0 = Debug|Any CPU
		{E147193B-F11B-4FC2-8536-7FB1C3377B4E}.Release|Any CPU.ActiveCfg = Release|Any CPU
		{E147193B-F11B-4FC2-8536-7FB1C3377B4E}.Release|Any CPU.Build.0 = Release|Any CPU
		{21943DEF-E18B-4EB2-A082-33477AA0BDFD}.Debug|Any CPU.ActiveCfg = Debug|Any CPU
		{21943DEF-E18B-4EB2-A082-33477AA0BDFD}.Debug|Any CPU.Build.0 = Debug|Any CPU
		{21943DEF-E18B-4EB2-A082-33477AA0BDFD}.Release|Any CPU.ActiveCfg = Release|Any CPU
		{21943DEF-E18B-4EB2-A082-33477AA0BDFD}.Release|Any CPU.Build.0 = Release|Any CPU
		{0944E222-6A36-46F2-9B07-3FC5F7DB8E4D}.Debug|Any CPU.ActiveCfg = Debug|Any CPU
		{0944E222-6A36-46F2-9B07-3FC5F7DB8E4D}.Debug|Any CPU.Build.0 = Debug|Any CPU
		{0944E222-6A36-46F2-9B07-3FC5F7DB8E4D}.Release|Any CPU.ActiveCfg = Release|Any CPU
		{0944E222-6A36-46F2-9B07-3FC5F7DB8E4D}.Release|Any CPU.Build.0 = Release|Any CPU
		{4AD2DE46-FA56-4B65-9E25-98148C97B6A1}.Debug|Any CPU.ActiveCfg = Debug|Any CPU
		{4AD2DE46-FA56-4B65-9E25-98148C97B6A1}.Debug|Any CPU.Build.0 = Debug|Any CPU
		{4AD2DE46-FA56-4B65-9E25-98148C97B6A1}.Release|Any CPU.ActiveCfg = Release|Any CPU
		{4AD2DE46-FA56-4B65-9E25-98148C97B6A1}.Release|Any CPU.Build.0 = Release|Any CPU
		{342C8436-C006-475B-891B-4AFD9705702F}.Debug|Any CPU.ActiveCfg = Debug|Any CPU
		{342C8436-C006-475B-891B-4AFD9705702F}.Debug|Any CPU.Build.0 = Debug|Any CPU
		{342C8436-C006-475B-891B-4AFD9705702F}.Release|Any CPU.ActiveCfg = Release|Any CPU
		{342C8436-C006-475B-891B-4AFD9705702F}.Release|Any CPU.Build.0 = Release|Any CPU
		{2D8C73E7-DEDD-4556-A933-4853397B792C}.Debug|Any CPU.ActiveCfg = Debug|Any CPU
		{2D8C73E7-DEDD-4556-A933-4853397B792C}.Debug|Any CPU.Build.0 = Debug|Any CPU
		{2D8C73E7-DEDD-4556-A933-4853397B792C}.Release|Any CPU.ActiveCfg = Release|Any CPU
		{2D8C73E7-DEDD-4556-A933-4853397B792C}.Release|Any CPU.Build.0 = Release|Any CPU
		{83577D75-74BC-4575-A9F5-B9F3CD40C5DE}.Debug|Any CPU.ActiveCfg = Debug|Any CPU
		{83577D75-74BC-4575-A9F5-B9F3CD40C5DE}.Debug|Any CPU.Build.0 = Debug|Any CPU
		{83577D75-74BC-4575-A9F5-B9F3CD40C5DE}.Release|Any CPU.ActiveCfg = Release|Any CPU
		{83577D75-74BC-4575-A9F5-B9F3CD40C5DE}.Release|Any CPU.Build.0 = Release|Any CPU
		{4E210CE2-AD53-47D6-A8B9-3D8DDF7E1E13}.Debug|Any CPU.ActiveCfg = Debug|Any CPU
		{4E210CE2-AD53-47D6-A8B9-3D8DDF7E1E13}.Debug|Any CPU.Build.0 = Debug|Any CPU
		{4E210CE2-AD53-47D6-A8B9-3D8DDF7E1E13}.Release|Any CPU.ActiveCfg = Release|Any CPU
		{4E210CE2-AD53-47D6-A8B9-3D8DDF7E1E13}.Release|Any CPU.Build.0 = Release|Any CPU
		{0365CA36-1681-4A8C-8C32-C8DDA8EBCC34}.Debug|Any CPU.ActiveCfg = Debug|Any CPU
		{0365CA36-1681-4A8C-8C32-C8DDA8EBCC34}.Debug|Any CPU.Build.0 = Debug|Any CPU
		{0365CA36-1681-4A8C-8C32-C8DDA8EBCC34}.Release|Any CPU.ActiveCfg = Release|Any CPU
		{0365CA36-1681-4A8C-8C32-C8DDA8EBCC34}.Release|Any CPU.Build.0 = Release|Any CPU
		{2893CDDD-CE0B-45A3-A969-CCA6DECE92A1}.Debug|Any CPU.ActiveCfg = Debug|Any CPU
		{2893CDDD-CE0B-45A3-A969-CCA6DECE92A1}.Debug|Any CPU.Build.0 = Debug|Any CPU
		{2893CDDD-CE0B-45A3-A969-CCA6DECE92A1}.Release|Any CPU.ActiveCfg = Release|Any CPU
		{2893CDDD-CE0B-45A3-A969-CCA6DECE92A1}.Release|Any CPU.Build.0 = Release|Any CPU
		{73D802F6-4C5D-4F21-8B85-BF7D5BD70EE4}.Debug|Any CPU.ActiveCfg = Debug|Any CPU
		{73D802F6-4C5D-4F21-8B85-BF7D5BD70EE4}.Debug|Any CPU.Build.0 = Debug|Any CPU
		{73D802F6-4C5D-4F21-8B85-BF7D5BD70EE4}.Release|Any CPU.ActiveCfg = Release|Any CPU
		{73D802F6-4C5D-4F21-8B85-BF7D5BD70EE4}.Release|Any CPU.Build.0 = Release|Any CPU
		{4FECCCF1-F131-4F52-BF09-6BAE91EB2FF1}.Debug|Any CPU.ActiveCfg = Debug|Any CPU
		{4FECCCF1-F131-4F52-BF09-6BAE91EB2FF1}.Debug|Any CPU.Build.0 = Debug|Any CPU
		{4FECCCF1-F131-4F52-BF09-6BAE91EB2FF1}.Release|Any CPU.ActiveCfg = Release|Any CPU
		{4FECCCF1-F131-4F52-BF09-6BAE91EB2FF1}.Release|Any CPU.Build.0 = Release|Any CPU
		{6CDFFC00-78F7-406B-A374-9EA725CE724F}.Debug|Any CPU.ActiveCfg = Debug|Any CPU
		{6CDFFC00-78F7-406B-A374-9EA725CE724F}.Debug|Any CPU.Build.0 = Debug|Any CPU
		{6CDFFC00-78F7-406B-A374-9EA725CE724F}.Release|Any CPU.ActiveCfg = Release|Any CPU
		{6CDFFC00-78F7-406B-A374-9EA725CE724F}.Release|Any CPU.Build.0 = Release|Any CPU
		{1CAD8815-828C-4E8E-B6B9-67D0D7ED3604}.Debug|Any CPU.ActiveCfg = Debug|Any CPU
		{1CAD8815-828C-4E8E-B6B9-67D0D7ED3604}.Debug|Any CPU.Build.0 = Debug|Any CPU
		{1CAD8815-828C-4E8E-B6B9-67D0D7ED3604}.Release|Any CPU.ActiveCfg = Release|Any CPU
		{1CAD8815-828C-4E8E-B6B9-67D0D7ED3604}.Release|Any CPU.Build.0 = Release|Any CPU
		{270D9CDE-2B5D-4F04-AF02-C8EC796E4AAD}.Debug|Any CPU.ActiveCfg = Debug|Any CPU
		{270D9CDE-2B5D-4F04-AF02-C8EC796E4AAD}.Debug|Any CPU.Build.0 = Debug|Any CPU
		{270D9CDE-2B5D-4F04-AF02-C8EC796E4AAD}.Release|Any CPU.ActiveCfg = Release|Any CPU
		{270D9CDE-2B5D-4F04-AF02-C8EC796E4AAD}.Release|Any CPU.Build.0 = Release|Any CPU
	EndGlobalSection
	GlobalSection(SolutionProperties) = preSolution
		HideSolutionNode = FALSE
	EndGlobalSection
	GlobalSection(NestedProjects) = preSolution
		{53379A6E-943B-4BA2-8D8D-9667AC40399F} = {E784604D-ADBD-424D-93D3-0D5B6B8E439B}
		{D9DFA19A-7FB7-42A1-8FED-5D4576063B20} = {E784604D-ADBD-424D-93D3-0D5B6B8E439B}
		{E61378D1-AE66-46C4-8D46-0498A6452F04} = {E784604D-ADBD-424D-93D3-0D5B6B8E439B}
		{F0025F41-86A4-456E-A203-99236E321E73} = {E784604D-ADBD-424D-93D3-0D5B6B8E439B}
		{9F5BC33E-DDB2-45F7-9C35-7EC7700F85D4} = {E784604D-ADBD-424D-93D3-0D5B6B8E439B}
		{46648FDF-EBC8-43BE-9358-2085EDBBE6F3} = {1A13E807-895D-4CAD-AFE9-97944D909DBC}
		{6B4C0057-981F-478E-9FBE-57CAD18ACF30} = {1A13E807-895D-4CAD-AFE9-97944D909DBC}
		{A17EB338-E09F-48A7-A8AA-80A094C7AC39} = {1A13E807-895D-4CAD-AFE9-97944D909DBC}
		{7523D5A6-F668-401C-A33E-B769CDF89341} = {22EED96C-34B3-4CCC-B976-9E4920746815}
		{75C0BF40-2A79-4232-9834-5746CC3741C4} = {22EED96C-34B3-4CCC-B976-9E4920746815}
		{A008DD91-E4D7-4207-955A-E4EE91B9FF83} = {22EED96C-34B3-4CCC-B976-9E4920746815}
		{3B9A84C6-71B1-4A34-AA2C-3A2735948456} = {22EED96C-34B3-4CCC-B976-9E4920746815}
		{BB549D8B-7CA9-4554-9FAC-36DC317B7AE6} = {E5C0A308-BE46-4023-8E0B-35FEADBAE7AE}
		{9DCB56E9-AB16-4372-A7EC-D1CD6657DFAC} = {E5C0A308-BE46-4023-8E0B-35FEADBAE7AE}
		{592664C6-A578-4C30-9793-E62004987F5F} = {E5C0A308-BE46-4023-8E0B-35FEADBAE7AE}
		{B7071D53-C8CF-4897-B966-D3562185E196} = {E5C0A308-BE46-4023-8E0B-35FEADBAE7AE}
		{03D18159-E034-451B-8B3D-A3C040F4B5BC} = {E5C0A308-BE46-4023-8E0B-35FEADBAE7AE}
		{7576F173-34EC-43F3-89A4-E95770871C04} = {E5C0A308-BE46-4023-8E0B-35FEADBAE7AE}
		{905CC016-F6F5-4162-9157-2CBC4A52D633} = {59C760DB-5FCA-454A-976B-B0190B356C7E}
		{E147193B-F11B-4FC2-8536-7FB1C3377B4E} = {59C760DB-5FCA-454A-976B-B0190B356C7E}
		{21943DEF-E18B-4EB2-A082-33477AA0BDFD} = {59C760DB-5FCA-454A-976B-B0190B356C7E}
		{0944E222-6A36-46F2-9B07-3FC5F7DB8E4D} = {59C760DB-5FCA-454A-976B-B0190B356C7E}
		{4AD2DE46-FA56-4B65-9E25-98148C97B6A1} = {8D1F2E29-00D1-48A1-9F6C-456713D40447}
		{342C8436-C006-475B-891B-4AFD9705702F} = {8D1F2E29-00D1-48A1-9F6C-456713D40447}
		{2D8C73E7-DEDD-4556-A933-4853397B792C} = {55361D79-C7EE-4B09-8713-B7C369D1FD90}
		{83577D75-74BC-4575-A9F5-B9F3CD40C5DE} = {55361D79-C7EE-4B09-8713-B7C369D1FD90}
		{4E210CE2-AD53-47D6-A8B9-3D8DDF7E1E13} = {55361D79-C7EE-4B09-8713-B7C369D1FD90}
		{0365CA36-1681-4A8C-8C32-C8DDA8EBCC34} = {55361D79-C7EE-4B09-8713-B7C369D1FD90}
		{2893CDDD-CE0B-45A3-A969-CCA6DECE92A1} = {523D9DA6-D219-4808-A156-C12CA157713E}
		{73D802F6-4C5D-4F21-8B85-BF7D5BD70EE4} = {523D9DA6-D219-4808-A156-C12CA157713E}
		{4FECCCF1-F131-4F52-BF09-6BAE91EB2FF1} = {523D9DA6-D219-4808-A156-C12CA157713E}
		{6CDFFC00-78F7-406B-A374-9EA725CE724F} = {523D9DA6-D219-4808-A156-C12CA157713E}
		{1CAD8815-828C-4E8E-B6B9-67D0D7ED3604} = {523D9DA6-D219-4808-A156-C12CA157713E}
	EndGlobalSection
	GlobalSection(ExtensibilityGlobals) = postSolution
		SolutionGuid = {EC1D7067-27DD-410F-8EC0-CA86337660E5}
	EndGlobalSection
EndGlobal
